
Microsoft Visual Studio Solution File, Format Version 12.00
# Visual Studio 14
VisualStudioVersion = 14.0.25420.1
MinimumVisualStudioVersion = 10.0.40219.1
Project("{FAE04EC0-301F-11D3-BF4B-00C04F79EFBC}") = "AutomatedTellerMachine", "AutomatedTellerMachine\AutomatedTellerMachine.csproj", "{62F85004-8F8A-4C8D-B9F4-4A2C2D5FE825}"
EndProject
Project("{FAE04EC0-301F-11D3-BF4B-00C04F79EFBC}") = "AutomatedTellerMachine.Tests", "AutomatedTellerMachine.Tests\AutomatedTellerMachine.Tests.csproj", "{376A1CF3-3FD6-41CE-8372-0D2A1BB85657}"
EndProject
Global
	GlobalSection(SolutionConfigurationPlatforms) = preSolution
		Debug|Any CPU = Debug|Any CPU
		Release|Any CPU = Release|Any CPU
	EndGlobalSection
	GlobalSection(ProjectConfigurationPlatforms) = postSolution
		{62F85004-8F8A-4C8D-B9F4-4A2C2D5FE825}.Debug|Any CPU.ActiveCfg = Debug|Any CPU
		{62F85004-8F8A-4C8D-B9F4-4A2C2D5FE825}.Debug|Any CPU.Build.0 = Debug|Any CPU
		{62F85004-8F8A-4C8D-B9F4-4A2C2D5FE825}.Release|Any CPU.ActiveCfg = Release|Any CPU
		{62F85004-8F8A-4C8D-B9F4-4A2C2D5FE825}.Release|Any CPU.Build.0 = Release|Any CPU
		{376A1CF3-3FD6-41CE-8372-0D2A1BB85657}.Debug|Any CPU.ActiveCfg = Debug|Any CPU
		{376A1CF3-3FD6-41CE-8372-0D2A1BB85657}.Debug|Any CPU.Build.0 = Debug|Any CPU
		{376A1CF3-3FD6-41CE-8372-0D2A1BB85657}.Release|Any CPU.ActiveCfg = Release|Any CPU
		{376A1CF3-3FD6-41CE-8372-0D2A1BB85657}.Release|Any CPU.Build.0 = Release|Any CPU
	EndGlobalSection
	GlobalSection(SolutionProperties) = preSolution
		HideSolutionNode = FALSE
	EndGlobalSection
EndGlobal
